
Microsoft Visual Studio Solution File, Format Version 12.00
# Visual Studio Version 17
VisualStudioVersion = 17.14.36408.4 d17.14
MinimumVisualStudioVersion = 10.0.40219.1
Project("{FAE04EC0-301F-11D3-BF4B-00C04F79EFBC}") = "ECommerceAPI", "ECommerceAPI\ECommerceAPI.csproj", "{86A16508-B03B-4B56-93C1-A86E9D2FFC95}"
EndProject
Project("{FAE04EC0-301F-11D3-BF4B-00C04F79EFBC}") = "ECommerceAPI.Core", "ECommerceAPI.Core\ECommerceAPI.Core.csproj", "{F7674D6B-CA98-447B-AA39-EA00C528B86B}"
EndProject
Project("{FAE04EC0-301F-11D3-BF4B-00C04F79EFBC}") = "ECommerceAPI.Application", "ECommerceAPI.Application\ECommerceAPI.Application.csproj", "{7CAFA0DE-ABAF-46B5-B4F1-314D1F54BC20}"
EndProject
Project("{FAE04EC0-301F-11D3-BF4B-00C04F79EFBC}") = "ECommerceAPI.Infrastructure", "ECommerceAPI.Infrastructure\ECommerceAPI.Infrastructure.csproj", "{A56A82B6-40A9-442A-8986-AF3D7CAEE77D}"
EndProject
Global
	GlobalSection(SolutionConfigurationPlatforms) = preSolution
		Debug|Any CPU = Debug|Any CPU
		Release|Any CPU = Release|Any CPU
	EndGlobalSection
	GlobalSection(ProjectConfigurationPlatforms) = postSolution
		{86A16508-B03B-4B56-93C1-A86E9D2FFC95}.Debug|Any CPU.ActiveCfg = Debug|Any CPU
		{86A16508-B03B-4B56-93C1-A86E9D2FFC95}.Debug|Any CPU.Build.0 = Debug|Any CPU
		{86A16508-B03B-4B56-93C1-A86E9D2FFC95}.Release|Any CPU.ActiveCfg = Release|Any CPU
		{86A16508-B03B-4B56-93C1-A86E9D2FFC95}.Release|Any CPU.Build.0 = Release|Any CPU
		{F7674D6B-CA98-447B-AA39-EA00C528B86B}.Debug|Any CPU.ActiveCfg = Debug|Any CPU
		{F7674D6B-CA98-447B-AA39-EA00C528B86B}.Debug|Any CPU.Build.0 = Debug|Any CPU
		{F7674D6B-CA98-447B-AA39-EA00C528B86B}.Release|Any CPU.ActiveCfg = Release|Any CPU
		{F7674D6B-CA98-447B-AA39-EA00C528B86B}.Release|Any CPU.Build.0 = Release|Any CPU
		{7CAFA0DE-ABAF-46B5-B4F1-314D1F54BC20}.Debug|Any CPU.ActiveCfg = Debug|Any CPU
		{7CAFA0DE-ABAF-46B5-B4F1-314D1F54BC20}.Debug|Any CPU.Build.0 = Debug|Any CPU
		{7CAFA0DE-ABAF-46B5-B4F1-314D1F54BC20}.Release|Any CPU.ActiveCfg = Release|Any CPU
		{7CAFA0DE-ABAF-46B5-B4F1-314D1F54BC20}.Release|Any CPU.Build.0 = Release|Any CPU
		{A56A82B6-40A9-442A-8986-AF3D7CAEE77D}.Debug|Any CPU.ActiveCfg = Debug|Any CPU
		{A56A82B6-40A9-442A-8986-AF3D7CAEE77D}.Debug|Any CPU.Build.0 = Debug|Any CPU
		{A56A82B6-40A9-442A-8986-AF3D7CAEE77D}.Release|Any CPU.ActiveCfg = Release|Any CPU
		{A56A82B6-40A9-442A-8986-AF3D7CAEE77D}.Release|Any CPU.Build.0 = Release|Any CPU
	EndGlobalSection
	GlobalSection(SolutionProperties) = preSolution
		HideSolutionNode = FALSE
	EndGlobalSection
	GlobalSection(ExtensibilityGlobals) = postSolution
		SolutionGuid = {1C5E4C50-E47F-43C6-B5E3-31CB00755664}
	EndGlobalSection
EndGlobal
